
Microsoft Visual Studio Solution File, Format Version 12.00
# Visual Studio Version 17
VisualStudioVersion = 17.5.33516.290
MinimumVisualStudioVersion = 10.0.40219.1
Project("{8BC9CEB8-8B4A-11D0-8D11-00A0C91BC942}") = "vmmyara", "vmmyara\vmmyara.vcxproj", "{C0743986-3E09-49F5-ACF3-1D8AF3FF8610}"
EndProject
Project("{2150E333-8FDC-42A3-9474-1A3956D46DE8}") = "Solution Items", "Solution Items", "{6D83AD4A-893C-43B6-A2E9-BF20AF465F4B}"
	ProjectSection(SolutionItems) = preProject
		.gitignore = .gitignore
		.gitmodules = .gitmodules
		LICENSE-YARA = LICENSE-YARA
		README.md = README.md
	EndProjectSection
EndProject
Global
	GlobalSection(SolutionConfigurationPlatforms) = preSolution
		Debug|x64 = Debug|x64
		Debug|x86 = Debug|x86
		Release|x64 = Release|x64
		Release|x86 = Release|x86
	EndGlobalSection
	GlobalSection(ProjectConfigurationPlatforms) = postSolution
		{C0743986-3E09-49F5-ACF3-1D8AF3FF8610}.Debug|x64.ActiveCfg = Debug|x64
		{C0743986-3E09-49F5-ACF3-1D8AF3FF8610}.Debug|x64.Build.0 = Debug|x64
		{C0743986-3E09-49F5-ACF3-1D8AF3FF8610}.Debug|x86.ActiveCfg = Debug|Win32
		{C0743986-3E09-49F5-ACF3-1D8AF3FF8610}.Debug|x86.Build.0 = Debug|Win32
		{C0743986-3E09-49F5-ACF3-1D8AF3FF8610}.Release|x64.ActiveCfg = Release|x64
		{C0743986-3E09-49F5-ACF3-1D8AF3FF8610}.Release|x64.Build.0 = Release|x64
		{C0743986-3E09-49F5-ACF3-1D8AF3FF8610}.Release|x86.ActiveCfg = Release|Win32
		{C0743986-3E09-49F5-ACF3-1D8AF3FF8610}.Release|x86.Build.0 = Release|Win32
	EndGlobalSection
	GlobalSection(SolutionProperties) = preSolution
		HideSolutionNode = FALSE
	EndGlobalSection
	GlobalSection(ExtensibilityGlobals) = postSolution
		SolutionGuid = {A112BAA3-C5CF-489D-8C73-7CFCFBCECEFF}
	EndGlobalSection
EndGlobal
